# THIS IS AN AUTOGENERATED FILE. DO NOT EDIT THIS FILE DIRECTLY.
# yarn lockfile v1


buefy@^0.6.6:
  version "0.6.6"
  resolved "https://registry.yarnpkg.com/buefy/-/buefy-0.6.6.tgz#e59df5258ad254498b888cd612bb1a4cc8773d0a"
  dependencies:
    bulma "^0.7.1"

bulma@^0.7.1:
  version "0.7.1"
  resolved "https://registry.yarnpkg.com/bulma/-/bulma-0.7.1.tgz#73c2e3b2930c90cc272029cbd19918b493fca486"
